// !$*UTF8*$!
{
	archiveVersion = 1;
	classes = {
	};
	objectVersion = 50;
	objects = {

/* Begin PBXBuildFile section */
		DA825BC9268236E900FAF066 /* Tests_iOS.swift in Sources */ = {isa = PBXBuildFile; fileRef = DA825BC8268236E900FAF066 /* Tests_iOS.swift */; };
		DA825BD4268236E900FAF066 /* Tests_macOS.swift in Sources */ = {isa = PBXBuildFile; fileRef = DA825BD3268236E900FAF066 /* Tests_macOS.swift */; };
		DA825BD6268236E900FAF066 /* Code_RecognitionApp.swift in Sources */ = {isa = PBXBuildFile; fileRef = DA825BAD268236E800FAF066 /* Code_RecognitionApp.swift */; };
		DA825BD7268236E900FAF066 /* Code_RecognitionApp.swift in Sources */ = {isa = PBXBuildFile; fileRef = DA825BAD268236E800FAF066 /* Code_RecognitionApp.swift */; };
		DA825BD8268236E900FAF066 /* ContentView.swift in Sources */ = {isa = PBXBuildFile; fileRef = DA825BAE268236E800FAF066 /* ContentView.swift */; };
		DA825BD9268236E900FAF066 /* ContentView.swift in Sources */ = {isa = PBXBuildFile; fileRef = DA825BAE268236E800FAF066 /* ContentView.swift */; };
		DA825BDA268236E900FAF066 /* Assets.xcassets in Resources */ = {isa = PBXBuildFile; fileRef = DA825BAF268236E900FAF066 /* Assets.xcassets */; };
		DA825BDB268236E900FAF066 /* Assets.xcassets in Resources */ = {isa = PBXBuildFile; fileRef = DA825BAF268236E900FAF066 /* Assets.xcassets */; };
		DA825BEB2682372B00FAF066 /* CodeClassifier.mlmodel in Sources */ = {isa = PBXBuildFile; fileRef = DA825BEA2682372B00FAF066 /* CodeClassifier.mlmodel */; };
		DA825BEC2682372B00FAF066 /* CodeClassifier.mlmodel in Sources */ = {isa = PBXBuildFile; fileRef = DA825BEA2682372B00FAF066 /* CodeClassifier.mlmodel */; };
/* End PBXBuildFile section */

/* Begin PBXContainerItemProxy section */
		DA825BC5268236E900FAF066 /* PBXContainerItemProxy */ = {
			isa = PBXContainerItemProxy;
			containerPortal = DA825BA8268236E800FAF066 /* Project object */;
			proxyType = 1;
			remoteGlobalIDString = DA825BB3268236E900FAF066;
			remoteInfo = "Code Recognition (iOS)";
		};
		DA825BD0268236E900FAF066 /* PBXContainerItemProxy */ = {
			isa = PBXContainerItemProxy;
			containerPortal = DA825BA8268236E800FAF066 /* Project object */;
			proxyType = 1;
			remoteGlobalIDString = DA825BBB268236E900FAF066;
			remoteInfo = "Code Recognition (macOS)";
		};
/* End PBXContainerItemProxy section */

/* Begin PBXFileReference section */
		DA825BAD268236E800FAF066 /* Code_RecognitionApp.swift */ = {isa = PBXFileReference; lastKnownFileType = sourcecode.swift; path = Code_RecognitionApp.swift; sourceTree = "<group>"; };
		DA825BAE268236E800FAF066 /* ContentView.swift */ = {isa = PBXFileReference; lastKnownFileType = sourcecode.swift; path = ContentView.swift; sourceTree = "<group>"; };
		DA825BAF268236E900FAF066 /* Assets.xcassets */ = {isa = PBXFileReference; lastKnownFileType = folder.assetcatalog; path = Assets.xcassets; sourceTree = "<group>"; };
		DA825BB4268236E900FAF066 /* Code Recognition.app */ = {isa = PBXFileReference; explicitFileType = wrapper.application; includeInIndex = 0; path = "Code Recognition.app"; sourceTree = BUILT_PRODUCTS_DIR; };
		DA825BB7268236E900FAF066 /* Info.plist */ = {isa = PBXFileReference; lastKnownFileType = text.plist.xml; path = Info.plist; sourceTree = "<group>"; };
		DA825BBC268236E900FAF066 /* Code Recognition.app */ = {isa = PBXFileReference; explicitFileType = wrapper.application; includeInIndex = 0; path = "Code Recognition.app"; sourceTree = BUILT_PRODUCTS_DIR; };
		DA825BBE268236E900FAF066 /* Info.plist */ = {isa = PBXFileReference; lastKnownFileType = text.plist.xml; path = Info.plist; sourceTree = "<group>"; };
		DA825BBF268236E900FAF066 /* macOS.entitlements */ = {isa = PBXFileReference; lastKnownFileType = text.plist.entitlements; path = macOS.entitlements; sourceTree = "<group>"; };
		DA825BC4268236E900FAF066 /* Tests iOS.xctest */ = {isa = PBXFileReference; explicitFileType = wrapper.cfbundle; includeInIndex = 0; path = "Tests iOS.xctest"; sourceTree = BUILT_PRODUCTS_DIR; };
		DA825BC8268236E900FAF066 /* Tests_iOS.swift */ = {isa = PBXFileReference; lastKnownFileType = sourcecode.swift; path = Tests_iOS.swift; sourceTree = "<group>"; };
		DA825BCA268236E900FAF066 /* Info.plist */ = {isa = PBXFileReference; lastKnownFileType = text.plist.xml; path = Info.plist; sourceTree = "<group>"; };
		DA825BCF268236E900FAF066 /* Tests macOS.xctest */ = {isa = PBXFileReference; explicitFileType = wrapper.cfbundle; includeInIndex = 0; path = "Tests macOS.xctest"; sourceTree = BUILT_PRODUCTS_DIR; };
		DA825BD3268236E900FAF066 /* Tests_macOS.swift */ = {isa = PBXFileReference; lastKnownFileType = sourcecode.swift; path = Tests_macOS.swift; sourceTree = "<group>"; };
		DA825BD5268236E900FAF066 /* Info.plist */ = {isa = PBXFileReference; lastKnownFileType = text.plist.xml; path = Info.plist; sourceTree = "<group>"; };
		DA825BEA2682372B00FAF066 /* CodeClassifier.mlmodel */ = {isa = PBXFileReference; lastKnownFileType = file.mlmodel; path = CodeClassifier.mlmodel; sourceTree = "<group>"; };
/* End PBXFileReference section */

/* Begin PBXFrameworksBuildPhase section */
		DA825BB1268236E900FAF066 /* Frameworks */ = {
			isa = PBXFrameworksBuildPhase;
			buildActionMask = 2147483647;
			files = (
			);
			runOnlyForDeploymentPostprocessing = 0;
		};
		DA825BB9268236E900FAF066 /* Frameworks */ = {
			isa = PBXFrameworksBuildPhase;
			buildActionMask = 2147483647;
			files = (
			);
			runOnlyForDeploymentPostprocessing = 0;
		};
		DA825BC1268236E900FAF066 /* Frameworks */ = {
			isa = PBXFrameworksBuildPhase;
			buildActionMask = 2147483647;
			files = (
			);
			runOnlyForDeploymentPostprocessing = 0;
		};
		DA825BCC268236E900FAF066 /* Frameworks */ = {
			isa = PBXFrameworksBuildPhase;
			buildActionMask = 2147483647;
			files = (
			);
			runOnlyForDeploymentPostprocessing = 0;
		};
/* End PBXFrameworksBuildPhase section */

/* Begin PBXGroup section */
		DA825BA7268236E800FAF066 = {
			isa = PBXGroup;
			children = (
				DA825BAC268236E800FAF066 /* Shared */,
				DA825BB6268236E900FAF066 /* iOS */,
				DA825BBD268236E900FAF066 /* macOS */,
				DA825BC7268236E900FAF066 /* Tests iOS */,
				DA825BD2268236E900FAF066 /* Tests macOS */,
				DA825BB5268236E900FAF066 /* Products */,
			);
			sourceTree = "<group>";
		};
		DA825BAC268236E800FAF066 /* Shared */ = {
			isa = PBXGroup;
			children = (
				DA825BAD268236E800FAF066 /* Code_RecognitionApp.swift */,
				DA825BAE268236E800FAF066 /* ContentView.swift */,
				DA825BAF268236E900FAF066 /* Assets.xcassets */,
				DA825BEA2682372B00FAF066 /* CodeClassifier.mlmodel */,
			);
			path = Shared;
			sourceTree = "<group>";
		};
		DA825BB5268236E900FAF066 /* Products */ = {
			isa = PBXGroup;
			children = (
				DA825BB4268236E900FAF066 /* Code Recognition.app */,
				DA825BBC268236E900FAF066 /* Code Recognition.app */,
				DA825BC4268236E900FAF066 /* Tests iOS.xctest */,
				DA825BCF268236E900FAF066 /* Tests macOS.xctest */,
			);
			name = Products;
			sourceTree = "<group>";
		};
		DA825BB6268236E900FAF066 /* iOS */ = {
			isa = PBXGroup;
			children = (
				DA825BB7268236E900FAF066 /* Info.plist */,
			);
			path = iOS;
			sourceTree = "<group>";
		};
		DA825BBD268236E900FAF066 /* macOS */ = {
			isa = PBXGroup;
			children = (
				DA825BBE268236E900FAF066 /* Info.plist */,
				DA825BBF268236E900FAF066 /* macOS.entitlements */,
			);
			path = macOS;
			sourceTree = "<group>";
		};
		DA825BC7268236E900FAF066 /* Tests iOS */ = {
			isa = PBXGroup;
			children = (
				DA825BC8268236E900FAF066 /* Tests_iOS.swift */,
				DA825BCA268236E900FAF066 /* Info.plist */,
			);
			path = "Tests iOS";
			sourceTree = "<group>";
		};
		DA825BD2268236E900FAF066 /* Tests macOS */ = {
			isa = PBXGroup;
			children = (
				DA825BD3268236E900FAF066 /* Tests_macOS.swift */,
				DA825BD5268236E900FAF066 /* Info.plist */,
			);
			path = "Tests macOS";
			sourceTree = "<group>";
		};
/* End PBXGroup section */

/* Begin PBXNativeTarget section */
		DA825BB3268236E900FAF066 /* Code Recognition (iOS) */ = {
			isa = PBXNativeTarget;
			buildConfigurationList = DA825BDE268236E900FAF066 /* Build configuration list for PBXNativeTarget "Code Recognition (iOS)" */;
			buildPhases = (
				DA825BB0268236E900FAF066 /* Sources */,
				DA825BB1268236E900FAF066 /* Frameworks */,
				DA825BB2268236E900FAF066 /* Resources */,
			);
			buildRules = (
			);
			dependencies = (
			);
			name = "Code Recognition (iOS)";
			productName = "Code Recognition (iOS)";
			productReference = DA825BB4268236E900FAF066 /* Code Recognition.app */;
			productType = "com.apple.product-type.application";
		};
		DA825BBB268236E900FAF066 /* Code Recognition (macOS) */ = {
			isa = PBXNativeTarget;
			buildConfigurationList = DA825BE1268236E900FAF066 /* Build configuration list for PBXNativeTarget "Code Recognition (macOS)" */;
			buildPhases = (
				DA825BB8268236E900FAF066 /* Sources */,
				DA825BB9268236E900FAF066 /* Frameworks */,
				DA825BBA268236E900FAF066 /* Resources */,
			);
			buildRules = (
			);
			dependencies = (
			);
			name = "Code Recognition (macOS)";
			productName = "Code Recognition (macOS)";
			productReference = DA825BBC268236E900FAF066 /* Code Recognition.app */;
			productType = "com.apple.product-type.application";
		};
		DA825BC3268236E900FAF066 /* Tests iOS */ = {
			isa = PBXNativeTarget;
			buildConfigurationList = DA825BE4268236E900FAF066 /* Build configuration list for PBXNativeTarget "Tests iOS" */;
			buildPhases = (
				DA825BC0268236E900FAF066 /* Sources */,
				DA825BC1268236E900FAF066 /* Frameworks */,
				DA825BC2268236E900FAF066 /* Resources */,
			);
			buildRules = (
			);
			dependencies = (
				DA825BC6268236E900FAF066 /* PBXTargetDependency */,
			);
			name = "Tests iOS";
			productName = "Tests iOS";
			productReference = DA825BC4268236E900FAF066 /* Tests iOS.xctest */;
			productType = "com.apple.product-type.bundle.ui-testing";
		};
		DA825BCE268236E900FAF066 /* Tests macOS */ = {
			isa = PBXNativeTarget;
			buildConfigurationList = DA825BE7268236E900FAF066 /* Build configuration list for PBXNativeTarget "Tests macOS" */;
			buildPhases = (
				DA825BCB268236E900FAF066 /* Sources */,
				DA825BCC268236E900FAF066 /* Frameworks */,
				DA825BCD268236E900FAF066 /* Resources */,
			);
			buildRules = (
			);
			dependencies = (
				DA825BD1268236E900FAF066 /* PBXTargetDependency */,
			);
			name = "Tests macOS";
			productName = "Tests macOS";
			productReference = DA825BCF268236E900FAF066 /* Tests macOS.xctest */;
			productType = "com.apple.product-type.bundle.ui-testing";
		};
/* End PBXNativeTarget section */

/* Begin PBXProject section */
		DA825BA8268236E800FAF066 /* Project object */ = {
			isa = PBXProject;
			attributes = {
				LastSwiftUpdateCheck = 1250;
				LastUpgradeCheck = 1250;
				TargetAttributes = {
					DA825BB3268236E900FAF066 = {
						CreatedOnToolsVersion = 12.5;
					};
					DA825BBB268236E900FAF066 = {
						CreatedOnToolsVersion = 12.5;
					};
					DA825BC3268236E900FAF066 = {
						CreatedOnToolsVersion = 12.5;
						TestTargetID = DA825BB3268236E900FAF066;
					};
					DA825BCE268236E900FAF066 = {
						CreatedOnToolsVersion = 12.5;
						TestTargetID = DA825BBB268236E900FAF066;
					};
				};
			};
			buildConfigurationList = DA825BAB268236E800FAF066 /* Build configuration list for PBXProject "Code Recognition" */;
			compatibilityVersion = "Xcode 9.3";
			developmentRegion = en;
			hasScannedForEncodings = 0;
			knownRegions = (
				en,
				Base,
			);
			mainGroup = DA825BA7268236E800FAF066;
			productRefGroup = DA825BB5268236E900FAF066 /* Products */;
			projectDirPath = "";
			projectRoot = "";
			targets = (
				DA825BB3268236E900FAF066 /* Code Recognition (iOS) */,
				DA825BBB268236E900FAF066 /* Code Recognition (macOS) */,
				DA825BC3268236E900FAF066 /* Tests iOS */,
				DA825BCE268236E900FAF066 /* Tests macOS */,
			);
		};
/* End PBXProject section */

/* Begin PBXResourcesBuildPhase section */
		DA825BB2268236E900FAF066 /* Resources */ = {
			isa = PBXResourcesBuildPhase;
			buildActionMask = 2147483647;
			files = (
				DA825BDA268236E900FAF066 /* Assets.xcassets in Resources */,
			);
			runOnlyForDeploymentPostprocessing = 0;
		};
		DA825BBA268236E900FAF066 /* Resources */ = {
			isa = PBXResourcesBuildPhase;
			buildActionMask = 2147483647;
			files = (
				DA825BDB268236E900FAF066 /* Assets.xcassets in Resources */,
			);
			runOnlyForDeploymentPostprocessing = 0;
		};
		DA825BC2268236E900FAF066 /* Resources */ = {
			isa = PBXResourcesBuildPhase;
			buildActionMask = 2147483647;
			files = (
			);
			runOnlyForDeploymentPostprocessing = 0;
		};
		DA825BCD268236E900FAF066 /* Resources */ = {
			isa = PBXResourcesBuildPhase;
			buildActionMask = 2147483647;
			files = (
			);
			runOnlyForDeploymentPostprocessing = 0;
		};
/* End PBXResourcesBuildPhase section */

/* Begin PBXSourcesBuildPhase section */
		DA825BB0268236E900FAF066 /* Sources */ = {
			isa = PBXSourcesBuildPhase;
			buildActionMask = 2147483647;
			files = (
				DA825BD8268236E900FAF066 /* ContentView.swift in Sources */,
				DA825BD6268236E900FAF066 /* Code_RecognitionApp.swift in Sources */,
				DA825BEB2682372B00FAF066 /* CodeClassifier.mlmodel in Sources */,
			);
			runOnlyForDeploymentPostprocessing = 0;
		};
		DA825BB8268236E900FAF066 /* Sources */ = {
			isa = PBXSourcesBuildPhase;
			buildActionMask = 2147483647;
			files = (
				DA825BD9268236E900FAF066 /* ContentView.swift in Sources */,
				DA825BD7268236E900FAF066 /* Code_RecognitionApp.swift in Sources */,
				DA825BEC2682372B00FAF066 /* CodeClassifier.mlmodel in Sources */,
			);
			runOnlyForDeploymentPostprocessing = 0;
		};
		DA825BC0268236E900FAF066 /* Sources */ = {
			isa = PBXSourcesBuildPhase;
			buildActionMask = 2147483647;
			files = (
				DA825BC9268236E900FAF066 /* Tests_iOS.swift in Sources */,
			);
			runOnlyForDeploymentPostprocessing = 0;
		};
		DA825BCB268236E900FAF066 /* Sources */ = {
			isa = PBXSourcesBuildPhase;
			buildActionMask = 2147483647;
			files = (
				DA825BD4268236E900FAF066 /* Tests_macOS.swift in Sources */,
			);
			runOnlyForDeploymentPostprocessing = 0;
		};
/* End PBXSourcesBuildPhase section */

/* Begin PBXTargetDependency section */
		DA825BC6268236E900FAF066 /* PBXTargetDependency */ = {
			isa = PBXTargetDependency;
			target = DA825BB3268236E900FAF066 /* Code Recognition (iOS) */;
			targetProxy = DA825BC5268236E900FAF066 /* PBXContainerItemProxy */;
		};
		DA825BD1268236E900FAF066 /* PBXTargetDependency */ = {
			isa = PBXTargetDependency;
			target = DA825BBB268236E900FAF066 /* Code Recognition (macOS) */;
			targetProxy = DA825BD0268236E900FAF066 /* PBXContainerItemProxy */;
		};
/* End PBXTargetDependency section */

/* Begin XCBuildConfiguration section */
		DA825BDC268236E900FAF066 /* Debug */ = {
			isa = XCBuildConfiguration;
			buildSettings = {
				ALWAYS_SEARCH_USER_PATHS = NO;
				CLANG_ANALYZER_NONNULL = YES;
				CLANG_ANALYZER_NUMBER_OBJECT_CONVERSION = YES_AGGRESSIVE;
				CLANG_CXX_LANGUAGE_STANDARD = "gnu++14";
				CLANG_CXX_LIBRARY = "libc++";
				CLANG_ENABLE_MODULES = YES;
				CLANG_ENABLE_OBJC_ARC = YES;
				CLANG_ENABLE_OBJC_WEAK = YES;
				CLANG_WARN_BLOCK_CAPTURE_AUTORELEASING = YES;
				CLANG_WARN_BOOL_CONVERSION = YES;
				CLANG_WARN_COMMA = YES;
				CLANG_WARN_CONSTANT_CONVERSION = YES;
				CLANG_WARN_DEPRECATED_OBJC_IMPLEMENTATIONS = YES;
				CLANG_WARN_DIRECT_OBJC_ISA_USAGE = YES_ERROR;
				CLANG_WARN_DOCUMENTATION_COMMENTS = YES;
				CLANG_WARN_EMPTY_BODY = YES;
				CLANG_WARN_ENUM_CONVERSION = YES;
				CLANG_WARN_INFINITE_RECURSION = YES;
				CLANG_WARN_INT_CONVERSION = YES;
				CLANG_WARN_NON_LITERAL_NULL_CONVERSION = YES;
				CLANG_WARN_OBJC_IMPLICIT_RETAIN_SELF = YES;
				CLANG_WARN_OBJC_LITERAL_CONVERSION = YES;
				CLANG_WARN_OBJC_ROOT_CLASS = YES_ERROR;
				CLANG_WARN_QUOTED_INCLUDE_IN_FRAMEWORK_HEADER = YES;
				CLANG_WARN_RANGE_LOOP_ANALYSIS = YES;
				CLANG_WARN_STRICT_PROTOTYPES = YES;
				CLANG_WARN_SUSPICIOUS_MOVE = YES;
				CLANG_WARN_UNGUARDED_AVAILABILITY = YES_AGGRESSIVE;
				CLANG_WARN_UNREACHABLE_CODE = YES;
				CLANG_WARN__DUPLICATE_METHOD_MATCH = YES;
				COPY_PHASE_STRIP = NO;
				DEBUG_INFORMATION_FORMAT = dwarf;
				ENABLE_STRICT_OBJC_MSGSEND = YES;
				ENABLE_TESTABILITY = YES;
				GCC_C_LANGUAGE_STANDARD = gnu11;
				GCC_DYNAMIC_NO_PIC = NO;
				GCC_NO_COMMON_BLOCKS = YES;
				GCC_OPTIMIZATION_LEVEL = 0;
				GCC_PREPROCESSOR_DEFINITIONS = (
					"DEBUG=1",
					"$(inherited)",
				);
				GCC_WARN_64_TO_32_BIT_CONVERSION = YES;
				GCC_WARN_ABOUT_RETURN_TYPE = YES_ERROR;
				GCC_WARN_UNDECLARED_SELECTOR = YES;
				GCC_WARN_UNINITIALIZED_AUTOS = YES_AGGRESSIVE;
				GCC_WARN_UNUSED_FUNCTION = YES;
				GCC_WARN_UNUSED_VARIABLE = YES;
				MTL_ENABLE_DEBUG_INFO = INCLUDE_SOURCE;
				MTL_FAST_MATH = YES;
				ONLY_ACTIVE_ARCH = YES;
				SWIFT_ACTIVE_COMPILATION_CONDITIONS = DEBUG;
				SWIFT_OPTIMIZATION_LEVEL = "-Onone";
			};
			name = Debug;
		};
		DA825BDD268236E900FAF066 /* Release */ = {
			isa = XCBuildConfiguration;
			buildSettings = {
				ALWAYS_SEARCH_USER_PATHS = NO;
				CLANG_ANALYZER_NONNULL = YES;
				CLANG_ANALYZER_NUMBER_OBJECT_CONVERSION = YES_AGGRESSIVE;
				CLANG_CXX_LANGUAGE_STANDARD = "gnu++14";
				CLANG_CXX_LIBRARY = "libc++";
				CLANG_ENABLE_MODULES = YES;
				CLANG_ENABLE_OBJC_ARC = YES;
				CLANG_ENABLE_OBJC_WEAK = YES;
				CLANG_WARN_BLOCK_CAPTURE_AUTORELEASING = YES;
				CLANG_WARN_BOOL_CONVERSION = YES;
				CLANG_WARN_COMMA = YES;
				CLANG_WARN_CONSTANT_CONVERSION = YES;
				CLANG_WARN_DEPRECATED_OBJC_IMPLEMENTATIONS = YES;
				CLANG_WARN_DIRECT_OBJC_ISA_USAGE = YES_ERROR;
				CLANG_WARN_DOCUMENTATION_COMMENTS = YES;
				CLANG_WARN_EMPTY_BODY = YES;
				CLANG_WARN_ENUM_CONVERSION = YES;
				CLANG_WARN_INFINITE_RECURSION = YES;
				CLANG_WARN_INT_CONVERSION = YES;
				CLANG_WARN_NON_LITERAL_NULL_CONVERSION = YES;
				CLANG_WARN_OBJC_IMPLICIT_RETAIN_SELF = YES;
				CLANG_WARN_OBJC_LITERAL_CONVERSION = YES;
				CLANG_WARN_OBJC_ROOT_CLASS = YES_ERROR;
				CLANG_WARN_QUOTED_INCLUDE_IN_FRAMEWORK_HEADER = YES;
				CLANG_WARN_RANGE_LOOP_ANALYSIS = YES;
				CLANG_WARN_STRICT_PROTOTYPES = YES;
				CLANG_WARN_SUSPICIOUS_MOVE = YES;
				CLANG_WARN_UNGUARDED_AVAILABILITY = YES_AGGRESSIVE;
				CLANG_WARN_UNREACHABLE_CODE = YES;
				CLANG_WARN__DUPLICATE_METHOD_MATCH = YES;
				COPY_PHASE_STRIP = NO;
				DEBUG_INFORMATION_FORMAT = "dwarf-with-dsym";
				ENABLE_NS_ASSERTIONS = NO;
				ENABLE_STRICT_OBJC_MSGSEND = YES;
				GCC_C_LANGUAGE_STANDARD = gnu11;
				GCC_NO_COMMON_BLOCKS = YES;
				GCC_WARN_64_TO_32_BIT_CONVERSION = YES;
				GCC_WARN_ABOUT_RETURN_TYPE = YES_ERROR;
				GCC_WARN_UNDECLARED_SELECTOR = YES;
				GCC_WARN_UNINITIALIZED_AUTOS = YES_AGGRESSIVE;
				GCC_WARN_UNUSED_FUNCTION = YES;
				GCC_WARN_UNUSED_VARIABLE = YES;
				MTL_ENABLE_DEBUG_INFO = NO;
				MTL_FAST_MATH = YES;
				SWIFT_COMPILATION_MODE = wholemodule;
				SWIFT_OPTIMIZATION_LEVEL = "-O";
			};
			name = Release;
		};
		DA825BDF268236E900FAF066 /* Debug */ = {
			isa = XCBuildConfiguration;
			buildSettings = {
				ASSETCATALOG_COMPILER_APPICON_NAME = AppIcon;
				ASSETCATALOG_COMPILER_GLOBAL_ACCENT_COLOR_NAME = AccentColor;
				CODE_SIGN_STYLE = Automatic;
				DEVELOPMENT_TEAM = QA3826D2TA;
				ENABLE_PREVIEWS = YES;
				INFOPLIST_FILE = iOS/Info.plist;
				IPHONEOS_DEPLOYMENT_TARGET = 14.0;
				LD_RUNPATH_SEARCH_PATHS = (
					"$(inherited)",
					"@executable_path/Frameworks",
				);
				PRODUCT_BUNDLE_IDENTIFIER = "com.pwablito.Code-Recognition";
				PRODUCT_NAME = "Code Recognition";
				SDKROOT = iphoneos;
				SWIFT_VERSION = 5.0;
				TARGETED_DEVICE_FAMILY = "1,2";
			};
			name = Debug;
		};
		DA825BE0268236E900FAF066 /* Release */ = {
			isa = XCBuildConfiguration;
			buildSettings = {
				ASSETCATALOG_COMPILER_APPICON_NAME = AppIcon;
				ASSETCATALOG_COMPILER_GLOBAL_ACCENT_COLOR_NAME = AccentColor;
				CODE_SIGN_STYLE = Automatic;
				DEVELOPMENT_TEAM = QA3826D2TA;
				ENABLE_PREVIEWS = YES;
				INFOPLIST_FILE = iOS/Info.plist;
				IPHONEOS_DEPLOYMENT_TARGET = 14.0;
				LD_RUNPATH_SEARCH_PATHS = (
					"$(inherited)",
					"@executable_path/Frameworks",
				);
				PRODUCT_BUNDLE_IDENTIFIER = "com.pwablito.Code-Recognition";
				PRODUCT_NAME = "Code Recognition";
				SDKROOT = iphoneos;
				SWIFT_VERSION = 5.0;
				TARGETED_DEVICE_FAMILY = "1,2";
				VALIDATE_PRODUCT = YES;
			};
			name = Release;
		};
		DA825BE2268236E900FAF066 /* Debug */ = {
			isa = XCBuildConfiguration;
			buildSettings = {
				ASSETCATALOG_COMPILER_APPICON_NAME = AppIcon;
				ASSETCATALOG_COMPILER_GLOBAL_ACCENT_COLOR_NAME = AccentColor;
				CODE_SIGN_ENTITLEMENTS = macOS/macOS.entitlements;
				CODE_SIGN_STYLE = Automatic;
				COMBINE_HIDPI_IMAGES = YES;
				DEVELOPMENT_TEAM = QA3826D2TA;
				ENABLE_HARDENED_RUNTIME = YES;
				ENABLE_PREVIEWS = YES;
				INFOPLIST_FILE = macOS/Info.plist;
				LD_RUNPATH_SEARCH_PATHS = (
					"$(inherited)",
					"@executable_path/../Frameworks",
				);
				MACOSX_DEPLOYMENT_TARGET = 11.0;
				PRODUCT_BUNDLE_IDENTIFIER = "com.pwablito.Code-Recognition";
				PRODUCT_NAME = "Code Recognition";
				SDKROOT = macosx;
				SWIFT_VERSION = 5.0;
			};
			name = Debug;
		};
		DA825BE3268236E900FAF066 /* Release */ = {
			isa = XCBuildConfiguration;
			buildSettings = {
				ASSETCATALOG_COMPILER_APPICON_NAME = AppIcon;
				ASSETCATALOG_COMPILER_GLOBAL_ACCENT_COLOR_NAME = AccentColor;
				CODE_SIGN_ENTITLEMENTS = macOS/macOS.entitlements;
				CODE_SIGN_STYLE = Automatic;
				COMBINE_HIDPI_IMAGES = YES;
				DEVELOPMENT_TEAM = QA3826D2TA;
				ENABLE_HARDENED_RUNTIME = YES;
				ENABLE_PREVIEWS = YES;
				INFOPLIST_FILE = macOS/Info.plist;
				LD_RUNPATH_SEARCH_PATHS = (
					"$(inherited)",
					"@executable_path/../Frameworks",
				);
				MACOSX_DEPLOYMENT_TARGET = 11.0;
				PRODUCT_BUNDLE_IDENTIFIER = "com.pwablito.Code-Recognition";
				PRODUCT_NAME = "Code Recognition";
				SDKROOT = macosx;
				SWIFT_VERSION = 5.0;
			};
			name = Release;
		};
		DA825BE5268236E900FAF066 /* Debug */ = {
			isa = XCBuildConfiguration;
			buildSettings = {
				ALWAYS_EMBED_SWIFT_STANDARD_LIBRARIES = YES;
				CODE_SIGN_STYLE = Automatic;
				DEVELOPMENT_TEAM = QA3826D2TA;
				INFOPLIST_FILE = "Tests iOS/Info.plist";
				IPHONEOS_DEPLOYMENT_TARGET = 14.5;
				LD_RUNPATH_SEARCH_PATHS = (
					"$(inherited)",
					"@executable_path/Frameworks",
					"@loader_path/Frameworks",
				);
				PRODUCT_BUNDLE_IDENTIFIER = "com.pwablito.Tests-iOS";
				PRODUCT_NAME = "$(TARGET_NAME)";
				SDKROOT = iphoneos;
				SWIFT_VERSION = 5.0;
				TARGETED_DEVICE_FAMILY = "1,2";
				TEST_TARGET_NAME = "Code Recognition (iOS)";
			};
			name = Debug;
		};
		DA825BE6268236E900FAF066 /* Release */ = {
			isa = XCBuildConfiguration;
			buildSettings = {
				ALWAYS_EMBED_SWIFT_STANDARD_LIBRARIES = YES;
				CODE_SIGN_STYLE = Automatic;
				DEVELOPMENT_TEAM = QA3826D2TA;
				INFOPLIST_FILE = "Tests iOS/Info.plist";
				IPHONEOS_DEPLOYMENT_TARGET = 14.5;
				LD_RUNPATH_SEARCH_PATHS = (
					"$(inherited)",
					"@executable_path/Frameworks",
					"@loader_path/Frameworks",
				);
				PRODUCT_BUNDLE_IDENTIFIER = "com.pwablito.Tests-iOS";
				PRODUCT_NAME = "$(TARGET_NAME)";
				SDKROOT = iphoneos;
				SWIFT_VERSION = 5.0;
				TARGETED_DEVICE_FAMILY = "1,2";
				TEST_TARGET_NAME = "Code Recognition (iOS)";
				VALIDATE_PRODUCT = YES;
			};
			name = Release;
		};
		DA825BE8268236E900FAF066 /* Debug */ = {
			isa = XCBuildConfiguration;
			buildSettings = {
				ALWAYS_EMBED_SWIFT_STANDARD_LIBRARIES = YES;
				CODE_SIGN_STYLE = Automatic;
				COMBINE_HIDPI_IMAGES = YES;
				DEVELOPMENT_TEAM = QA3826D2TA;
				INFOPLIST_FILE = "Tests macOS/Info.plist";
				LD_RUNPATH_SEARCH_PATHS = (
					"$(inherited)",
					"@executable_path/../Frameworks",
					"@loader_path/../Frameworks",
				);
				MACOSX_DEPLOYMENT_TARGET = 11.3;
				PRODUCT_BUNDLE_IDENTIFIER = "com.pwablito.Tests-macOS";
				PRODUCT_NAME = "$(TARGET_NAME)";
				SDKROOT = macosx;
				SWIFT_VERSION = 5.0;
				TEST_TARGET_NAME = "Code Recognition (macOS)";
			};
			name = Debug;
		};
		DA825BE9268236E900FAF066 /* Release */ = {
			isa = XCBuildConfiguration;
			buildSettings = {
				ALWAYS_EMBED_SWIFT_STANDARD_LIBRARIES = YES;
				CODE_SIGN_STYLE = Automatic;
				COMBINE_HIDPI_IMAGES = YES;
				DEVELOPMENT_TEAM = QA3826D2TA;
				INFOPLIST_FILE = "Tests macOS/Info.plist";
				LD_RUNPATH_SEARCH_PATHS = (
					"$(inherited)",
					"@executable_path/../Frameworks",
					"@loader_path/../Frameworks",
				);
				MACOSX_DEPLOYMENT_TARGET = 11.3;
				PRODUCT_BUNDLE_IDENTIFIER = "com.pwablito.Tests-macOS";
				PRODUCT_NAME = "$(TARGET_NAME)";
				SDKROOT = macosx;
				SWIFT_VERSION = 5.0;
				TEST_TARGET_NAME = "Code Recognition (macOS)";
			};
			name = Release;
		};
/* End XCBuildConfiguration section */

/* Begin XCConfigurationList section */
		DA825BAB268236E800FAF066 /* Build configuration list for PBXProject "Code Recognition" */ = {
			isa = XCConfigurationList;
			buildConfigurations = (
				DA825BDC268236E900FAF066 /* Debug */,
				DA825BDD268236E900FAF066 /* Release */,
			);
			defaultConfigurationIsVisible = 0;
			defaultConfigurationName = Release;
		};
		DA825BDE268236E900FAF066 /* Build configuration list for PBXNativeTarget "Code Recognition (iOS)" */ = {
			isa = XCConfigurationList;
			buildConfigurations = (
				DA825BDF268236E900FAF066 /* Debug */,
				DA825BE0268236E900FAF066 /* Release */,
			);
			defaultConfigurationIsVisible = 0;
			defaultConfigurationName = Release;
		};
		DA825BE1268236E900FAF066 /* Build configuration list for PBXNativeTarget "Code Recognition (macOS)" */ = {
			isa = XCConfigurationList;
			buildConfigurations = (
				DA825BE2268236E900FAF066 /* Debug */,
				DA825BE3268236E900FAF066 /* Release */,
			);
			defaultConfigurationIsVisible = 0;
			defaultConfigurationName = Release;
		};
		DA825BE4268236E900FAF066 /* Build configuration list for PBXNativeTarget "Tests iOS" */ = {
			isa = XCConfigurationList;
			buildConfigurations = (
				DA825BE5268236E900FAF066 /* Debug */,
				DA825BE6268236E900FAF066 /* Release */,
			);
			defaultConfigurationIsVisible = 0;
			defaultConfigurationName = Release;
		};
		DA825BE7268236E900FAF066 /* Build configuration list for PBXNativeTarget "Tests macOS" */ = {
			isa = XCConfigurationList;
			buildConfigurations = (
				DA825BE8268236E900FAF066 /* Debug */,
				DA825BE9268236E900FAF066 /* Release */,
			);
			defaultConfigurationIsVisible = 0;
			defaultConfigurationName = Release;
		};
/* End XCConfigurationList section */
	};
	rootObject = DA825BA8268236E800FAF066 /* Project object */;
}
